
Microsoft Visual Studio Solution File, Format Version 12.00
# Visual Studio Version 17
VisualStudioVersion = 17.11.35327.3
MinimumVisualStudioVersion = 10.0.40219.1
Project("{FAE04EC0-301F-11D3-BF4B-00C04F79EFBC}") = "ProyectoDataBase", "ProyectoDataBase\ProyectoDataBase.csproj", "{EF44529F-D484-4300-8545-7070E9805B2E}"
EndProject
Global
	GlobalSection(SolutionConfigurationPlatforms) = preSolution
		Debug|Any CPU = Debug|Any CPU
		Release|Any CPU = Release|Any CPU
	EndGlobalSection
	GlobalSection(ProjectConfigurationPlatforms) = postSolution
		{EF44529F-D484-4300-8545-7070E9805B2E}.Debug|Any CPU.ActiveCfg = Debug|Any CPU
		{EF44529F-D484-4300-8545-7070E9805B2E}.Debug|Any CPU.Build.0 = Debug|Any CPU
		{EF44529F-D484-4300-8545-7070E9805B2E}.Release|Any CPU.ActiveCfg = Release|Any CPU
		{EF44529F-D484-4300-8545-7070E9805B2E}.Release|Any CPU.Build.0 = Release|Any CPU
	EndGlobalSection
	GlobalSection(SolutionProperties) = preSolution
		HideSolutionNode = FALSE
	EndGlobalSection
	GlobalSection(ExtensibilityGlobals) = postSolution
		SolutionGuid = {EF091F0D-E1C6-4764-9DE8-5C8A82F57984}
	EndGlobalSection
EndGlobal
